{
  "object": {
    "pins": [
      {
        "package": "FHIR",
        "repositoryURL": "https://github.com/smart-on-fhir/Swift-FHIR.git",
        "state": {
          "branch": null,
          "revision": "b68fb5d6c8137de4a06894e683dc1a726a832907",
          "version": "4.2.1"
        }
      }
    ]
  },
  "version": 1
}
