{
  "object": {
    "pins": [
      {
        "package": "FHIRModels",
        "repositoryURL": "https://github.com/apple/FHIRModels.git",
        "state": {
          "branch": "main",
          "revision": "c91e5bb74397136f79656bebdfda76a523d3e88c",
          "version": null
        }
      }
    ]
  },
  "version": 1
}
